
Microsoft Visual Studio Solution File, Format Version 12.00
# Visual Studio Version 17
VisualStudioVersion = 17.7.34221.43
MinimumVisualStudioVersion = 10.0.40219.1
Project("{9A19103F-16F7-4668-BE54-9A1E7A4F7556}") = "HueControlServer", "HueControlServer\HueControlServer.csproj", "{CD7164E8-A7A7-4F5E-9E1C-C2D2DB478754}"
EndProject
Project("{9A19103F-16F7-4668-BE54-9A1E7A4F7556}") = "HueGoodNightCommand", "HueGoodNightCommand\HueGoodNightCommand.csproj", "{424714D3-D3F3-4540-9827-D4D237EBC193}"
EndProject
Project("{9A19103F-16F7-4668-BE54-9A1E7A4F7556}") = "HueSetLivingRoom", "HueSetLivingRoom\HueSetLivingRoom.csproj", "{243742C2-D091-41BB-9144-013394CC5592}"
EndProject
Project("{9A19103F-16F7-4668-BE54-9A1E7A4F7556}") = "HueLivingRoom", "HueLivingRoom\HueLivingRoom.csproj", "{C3C0186E-C73A-4EEC-BB6C-D0D666BD6FCD}"
EndProject
Project("{FAE04EC0-301F-11D3-BF4B-00C04F79EFBC}") = "HueBedroom", "HueBedroom\HueBedroom.csproj", "{B3E14FBA-18A1-43E8-8A13-98C4D5BDCC66}"
EndProject
Project("{2150E333-8FDC-42A3-9474-1A3956D46DE8}") = "Bedroom", "Bedroom", "{E1007029-47B1-45FB-BA1E-203B195D247F}"
EndProject
Project("{2150E333-8FDC-42A3-9474-1A3956D46DE8}") = "LivingRoom", "LivingRoom", "{19E2AFDE-3CD2-4E3E-82F0-25505238AC68}"
EndProject
Project("{FAE04EC0-301F-11D3-BF4B-00C04F79EFBC}") = "HueSetBedroom", "HueSetBedroom\HueSetBedroom.csproj", "{38629B16-8654-4AD4-9698-700D59175A13}"
EndProject
Global
	GlobalSection(SolutionConfigurationPlatforms) = preSolution
		Debug|Any CPU = Debug|Any CPU
		Release|Any CPU = Release|Any CPU
	EndGlobalSection
	GlobalSection(ProjectConfigurationPlatforms) = postSolution
		{CD7164E8-A7A7-4F5E-9E1C-C2D2DB478754}.Debug|Any CPU.ActiveCfg = Debug|Any CPU
		{CD7164E8-A7A7-4F5E-9E1C-C2D2DB478754}.Debug|Any CPU.Build.0 = Debug|Any CPU
		{CD7164E8-A7A7-4F5E-9E1C-C2D2DB478754}.Release|Any CPU.ActiveCfg = Release|Any CPU
		{CD7164E8-A7A7-4F5E-9E1C-C2D2DB478754}.Release|Any CPU.Build.0 = Release|Any CPU
		{424714D3-D3F3-4540-9827-D4D237EBC193}.Debug|Any CPU.ActiveCfg = Debug|Any CPU
		{424714D3-D3F3-4540-9827-D4D237EBC193}.Debug|Any CPU.Build.0 = Debug|Any CPU
		{424714D3-D3F3-4540-9827-D4D237EBC193}.Release|Any CPU.ActiveCfg = Release|Any CPU
		{424714D3-D3F3-4540-9827-D4D237EBC193}.Release|Any CPU.Build.0 = Release|Any CPU
		{243742C2-D091-41BB-9144-013394CC5592}.Debug|Any CPU.ActiveCfg = Debug|Any CPU
		{243742C2-D091-41BB-9144-013394CC5592}.Debug|Any CPU.Build.0 = Debug|Any CPU
		{243742C2-D091-41BB-9144-013394CC5592}.Release|Any CPU.ActiveCfg = Release|Any CPU
		{243742C2-D091-41BB-9144-013394CC5592}.Release|Any CPU.Build.0 = Release|Any CPU
		{C3C0186E-C73A-4EEC-BB6C-D0D666BD6FCD}.Debug|Any CPU.ActiveCfg = Debug|Any CPU
		{C3C0186E-C73A-4EEC-BB6C-D0D666BD6FCD}.Debug|Any CPU.Build.0 = Debug|Any CPU
		{C3C0186E-C73A-4EEC-BB6C-D0D666BD6FCD}.Release|Any CPU.ActiveCfg = Release|Any CPU
		{C3C0186E-C73A-4EEC-BB6C-D0D666BD6FCD}.Release|Any CPU.Build.0 = Release|Any CPU
		{B3E14FBA-18A1-43E8-8A13-98C4D5BDCC66}.Debug|Any CPU.ActiveCfg = Debug|Any CPU
		{B3E14FBA-18A1-43E8-8A13-98C4D5BDCC66}.Debug|Any CPU.Build.0 = Debug|Any CPU
		{B3E14FBA-18A1-43E8-8A13-98C4D5BDCC66}.Release|Any CPU.ActiveCfg = Release|Any CPU
		{B3E14FBA-18A1-43E8-8A13-98C4D5BDCC66}.Release|Any CPU.Build.0 = Release|Any CPU
		{38629B16-8654-4AD4-9698-700D59175A13}.Debug|Any CPU.ActiveCfg = Debug|Any CPU
		{38629B16-8654-4AD4-9698-700D59175A13}.Debug|Any CPU.Build.0 = Debug|Any CPU
		{38629B16-8654-4AD4-9698-700D59175A13}.Release|Any CPU.ActiveCfg = Release|Any CPU
		{38629B16-8654-4AD4-9698-700D59175A13}.Release|Any CPU.Build.0 = Release|Any CPU
	EndGlobalSection
	GlobalSection(SolutionProperties) = preSolution
		HideSolutionNode = FALSE
	EndGlobalSection
	GlobalSection(NestedProjects) = preSolution
		{424714D3-D3F3-4540-9827-D4D237EBC193} = {E1007029-47B1-45FB-BA1E-203B195D247F}
		{243742C2-D091-41BB-9144-013394CC5592} = {19E2AFDE-3CD2-4E3E-82F0-25505238AC68}
		{C3C0186E-C73A-4EEC-BB6C-D0D666BD6FCD} = {19E2AFDE-3CD2-4E3E-82F0-25505238AC68}
		{B3E14FBA-18A1-43E8-8A13-98C4D5BDCC66} = {E1007029-47B1-45FB-BA1E-203B195D247F}
		{38629B16-8654-4AD4-9698-700D59175A13} = {E1007029-47B1-45FB-BA1E-203B195D247F}
	EndGlobalSection
	GlobalSection(ExtensibilityGlobals) = postSolution
		SolutionGuid = {56261FAD-32CB-431A-A17F-B4E4A08F45B5}
	EndGlobalSection
EndGlobal
